Microsoft Visual Studio Solution File, Format Version 8.00
Project("{8BC9CEB8-8B4A-11D0-8D11-00A0C91BC942}") = "wxLineTracer", "wxLineTracer.vcproj", "{037774BC-3254-4565-8607-420758EA527A}"
	ProjectSection(ProjectDependencies) = postProject
		{D81CEC52-383F-4333-8E54-7F6AAF21F5DC} = {D81CEC52-383F-4333-8E54-7F6AAF21F5DC}
		{8B854620-8130-4FD0-A870-6E5B4509A78D} = {8B854620-8130-4FD0-A870-6E5B4509A78D}
	EndProjectSection
EndProject
Project("{8BC9CEB8-8B4A-11D0-8D11-00A0C91BC942}") = "core", "c:\wxwidgets-2.6.2\build\msw\wx_core.vcproj", "{8B854620-8130-4FD0-A870-6E5B4509A78D}"
	ProjectSection(ProjectDependencies) = postProject
	EndProjectSection
EndProject
Project("{8BC9CEB8-8B4A-11D0-8D11-00A0C91BC942}") = "base", "c:\wxwidgets-2.6.2\build\msw\wx_base.vcproj", "{D81CEC52-383F-4333-8E54-7F6AAF21F5DC}"
	ProjectSection(ProjectDependencies) = postProject
	EndProjectSection
EndProject
Global
	GlobalSection(SolutionConfiguration) = preSolution
		Debug = Debug
		DLL Debug = DLL Debug
		DLL Release = DLL Release
		DLL Unicode Debug = DLL Unicode Debug
		DLL Unicode Release = DLL Unicode Release
		DLL Universal Debug = DLL Universal Debug
		DLL Universal Release = DLL Universal Release
		DLL Universal Unicode Debug = DLL Universal Unicode Debug
		DLL Universal Unicode Release = DLL Universal Unicode Release
		Release = Release
		Unicode Debug = Unicode Debug
		Unicode Release = Unicode Release
		Universal Debug = Universal Debug
		Universal Release = Universal Release
		Universal Unicode Debug = Universal Unicode Debug
		Universal Unicode Release = Universal Unicode Release
	EndGlobalSection
	GlobalSection(ProjectConfiguration) = postSolution
		{037774BC-3254-4565-8607-420758EA527A}.Debug.ActiveCfg = Debug|Win32
		{037774BC-3254-4565-8607-420758EA527A}.Debug.Build.0 = Debug|Win32
		{037774BC-3254-4565-8607-420758EA527A}.DLL Debug.ActiveCfg = DLL Debug|Win32
		{037774BC-3254-4565-8607-420758EA527A}.DLL Debug.Build.0 = DLL Debug|Win32
		{037774BC-3254-4565-8607-420758EA527A}.DLL Release.ActiveCfg = DLL Release|Win32
		{037774BC-3254-4565-8607-420758EA527A}.DLL Release.Build.0 = DLL Release|Win32
		{037774BC-3254-4565-8607-420758EA527A}.DLL Unicode Debug.ActiveCfg = DLL Unicode Debug|Win32
		{037774BC-3254-4565-8607-420758EA527A}.DLL Unicode Debug.Build.0 = DLL Unicode Debug|Win32
		{037774BC-3254-4565-8607-420758EA527A}.DLL Unicode Release.ActiveCfg = DLL Unicode Release|Win32
		{037774BC-3254-4565-8607-420758EA527A}.DLL Unicode Release.Build.0 = DLL Unicode Release|Win32
		{037774BC-3254-4565-8607-420758EA527A}.DLL Universal Debug.ActiveCfg = DLL Universal Debug|Win32
		{037774BC-3254-4565-8607-420758EA527A}.DLL Universal Debug.Build.0 = DLL Universal Debug|Win32
		{037774BC-3254-4565-8607-420758EA527A}.DLL Universal Release.ActiveCfg = DLL Universal Release|Win32
		{037774BC-3254-4565-8607-420758EA527A}.DLL Universal Release.Build.0 = DLL Universal Release|Win32
		{037774BC-3254-4565-8607-420758EA527A}.DLL Universal Unicode Debug.ActiveCfg = DLL Universal Unicode Debug|Win32
		{037774BC-3254-4565-8607-420758EA527A}.DLL Universal Unicode Debug.Build.0 = DLL Universal Unicode Debug|Win32
		{037774BC-3254-4565-8607-420758EA527A}.DLL Universal Unicode Release.ActiveCfg = DLL Universal Unicode Release|Win32
		{037774BC-3254-4565-8607-420758EA527A}.DLL Universal Unicode Release.Build.0 = DLL Universal Unicode Release|Win32
		{037774BC-3254-4565-8607-420758EA527A}.Release.ActiveCfg = Release|Win32
		{037774BC-3254-4565-8607-420758EA527A}.Release.Build.0 = Release|Win32
		{037774BC-3254-4565-8607-420758EA527A}.Unicode Debug.ActiveCfg = Unicode Debug|Win32
		{037774BC-3254-4565-8607-420758EA527A}.Unicode Debug.Build.0 = Unicode Debug|Win32
		{037774BC-3254-4565-8607-420758EA527A}.Unicode Release.ActiveCfg = Unicode Release|Win32
		{037774BC-3254-4565-8607-420758EA527A}.Unicode Release.Build.0 = Unicode Release|Win32
		{037774BC-3254-4565-8607-420758EA527A}.Universal Debug.ActiveCfg = Universal Debug|Win32
		{037774BC-3254-4565-8607-420758EA527A}.Universal Debug.Build.0 = Universal Debug|Win32
		{037774BC-3254-4565-8607-420758EA527A}.Universal Release.ActiveCfg = Universal Release|Win32
		{037774BC-3254-4565-8607-420758EA527A}.Universal Release.Build.0 = Universal Release|Win32
		{037774BC-3254-4565-8607-420758EA527A}.Universal Unicode Debug.ActiveCfg = Universal Unicode Debug|Win32
		{037774BC-3254-4565-8607-420758EA527A}.Universal Unicode Debug.Build.0 = Universal Unicode Debug|Win32
		{037774BC-3254-4565-8607-420758EA527A}.Universal Unicode Release.ActiveCfg = Universal Unicode Release|Win32
		{037774BC-3254-4565-8607-420758EA527A}.Universal Unicode Release.Build.0 = Universal Unicode Release|Win32
		{8B854620-8130-4FD0-A870-6E5B4509A78D}.Debug.ActiveCfg = Debug|Win32
		{8B854620-8130-4FD0-A870-6E5B4509A78D}.Debug.Build.0 = Debug|Win32
		{8B854620-8130-4FD0-A870-6E5B4509A78D}.DLL Debug.ActiveCfg = DLL Debug|Win32
		{8B854620-8130-4FD0-A870-6E5B4509A78D}.DLL Debug.Build.0 = DLL Debug|Win32
		{8B854620-8130-4FD0-A870-6E5B4509A78D}.DLL Release.ActiveCfg = DLL Release|Win32
		{8B854620-8130-4FD0-A870-6E5B4509A78D}.DLL Release.Build.0 = DLL Release|Win32
		{8B854620-8130-4FD0-A870-6E5B4509A78D}.DLL Unicode Debug.ActiveCfg = DLL Unicode Debug|Win32
		{8B854620-8130-4FD0-A870-6E5B4509A78D}.DLL Unicode Debug.Build.0 = DLL Unicode Debug|Win32
		{8B854620-8130-4FD0-A870-6E5B4509A78D}.DLL Unicode Release.ActiveCfg = DLL Unicode Release|Win32
		{8B854620-8130-4FD0-A870-6E5B4509A78D}.DLL Unicode Release.Build.0 = DLL Unicode Release|Win32
		{8B854620-8130-4FD0-A870-6E5B4509A78D}.DLL Universal Debug.ActiveCfg = DLL Universal Debug|Win32
		{8B854620-8130-4FD0-A870-6E5B4509A78D}.DLL Universal Debug.Build.0 = DLL Universal Debug|Win32
		{8B854620-8130-4FD0-A870-6E5B4509A78D}.DLL Universal Release.ActiveCfg = DLL Universal Release|Win32
		{8B854620-8130-4FD0-A870-6E5B4509A78D}.DLL Universal Release.Build.0 = DLL Universal Release|Win32
		{8B854620-8130-4FD0-A870-6E5B4509A78D}.DLL Universal Unicode Debug.ActiveCfg = DLL Universal Unicode Debug|Win32
		{8B854620-8130-4FD0-A870-6E5B4509A78D}.DLL Universal Unicode Debug.Build.0 = DLL Universal Unicode Debug|Win32
		{8B854620-8130-4FD0-A870-6E5B4509A78D}.DLL Universal Unicode Release.ActiveCfg = DLL Universal Unicode Release|Win32
		{8B854620-8130-4FD0-A870-6E5B4509A78D}.DLL Universal Unicode Release.Build.0 = DLL Universal Unicode Release|Win32
		{8B854620-8130-4FD0-A870-6E5B4509A78D}.Release.ActiveCfg = Release|Win32
		{8B854620-8130-4FD0-A870-6E5B4509A78D}.Release.Build.0 = Release|Win32
		{8B854620-8130-4FD0-A870-6E5B4509A78D}.Unicode Debug.ActiveCfg = Unicode Debug|Win32
		{8B854620-8130-4FD0-A870-6E5B4509A78D}.Unicode Debug.Build.0 = Unicode Debug|Win32
		{8B854620-8130-4FD0-A870-6E5B4509A78D}.Unicode Release.ActiveCfg = Unicode Release|Win32
		{8B854620-8130-4FD0-A870-6E5B4509A78D}.Unicode Release.Build.0 = Unicode Release|Win32
		{8B854620-8130-4FD0-A870-6E5B4509A78D}.Universal Debug.ActiveCfg = Universal Debug|Win32
		{8B854620-8130-4FD0-A870-6E5B4509A78D}.Universal Debug.Build.0 = Universal Debug|Win32
		{8B854620-8130-4FD0-A870-6E5B4509A78D}.Universal Release.ActiveCfg = Universal Release|Win32
		{8B854620-8130-4FD0-A870-6E5B4509A78D}.Universal Release.Build.0 = Universal Release|Win32
		{8B854620-8130-4FD0-A870-6E5B4509A78D}.Universal Unicode Debug.ActiveCfg = Universal Unicode Debug|Win32
		{8B854620-8130-4FD0-A870-6E5B4509A78D}.Universal Unicode Debug.Build.0 = Universal Unicode Debug|Win32
		{8B854620-8130-4FD0-A870-6E5B4509A78D}.Universal Unicode Release.ActiveCfg = Universal Unicode Release|Win32
		{8B854620-8130-4FD0-A870-6E5B4509A78D}.Universal Unicode Release.Build.0 = Universal Unicode Release|Win32
		{D81CEC52-383F-4333-8E54-7F6AAF21F5DC}.Debug.ActiveCfg = Debug|Win32
		{D81CEC52-383F-4333-8E54-7F6AAF21F5DC}.Debug.Build.0 = Debug|Win32
		{D81CEC52-383F-4333-8E54-7F6AAF21F5DC}.DLL Debug.ActiveCfg = DLL Debug|Win32
		{D81CEC52-383F-4333-8E54-7F6AAF21F5DC}.DLL Debug.Build.0 = DLL Debug|Win32
		{D81CEC52-383F-4333-8E54-7F6AAF21F5DC}.DLL Release.ActiveCfg = DLL Release|Win32
		{D81CEC52-383F-4333-8E54-7F6AAF21F5DC}.DLL Release.Build.0 = DLL Release|Win32
		{D81CEC52-383F-4333-8E54-7F6AAF21F5DC}.DLL Unicode Debug.ActiveCfg = DLL Unicode Debug|Win32
		{D81CEC52-383F-4333-8E54-7F6AAF21F5DC}.DLL Unicode Debug.Build.0 = DLL Unicode Debug|Win32
		{D81CEC52-383F-4333-8E54-7F6AAF21F5DC}.DLL Unicode Release.ActiveCfg = DLL Unicode Release|Win32
		{D81CEC52-383F-4333-8E54-7F6AAF21F5DC}.DLL Unicode Release.Build.0 = DLL Unicode Release|Win32
		{D81CEC52-383F-4333-8E54-7F6AAF21F5DC}.DLL Universal Debug.ActiveCfg = DLL Universal Debug|Win32
		{D81CEC52-383F-4333-8E54-7F6AAF21F5DC}.DLL Universal Debug.Build.0 = DLL Universal Debug|Win32
		{D81CEC52-383F-4333-8E54-7F6AAF21F5DC}.DLL Universal Release.ActiveCfg = DLL Universal Release|Win32
		{D81CEC52-383F-4333-8E54-7F6AAF21F5DC}.DLL Universal Release.Build.0 = DLL Universal Release|Win32
		{D81CEC52-383F-4333-8E54-7F6AAF21F5DC}.DLL Universal Unicode Debug.ActiveCfg = DLL Universal Unicode Debug|Win32
		{D81CEC52-383F-4333-8E54-7F6AAF21F5DC}.DLL Universal Unicode Debug.Build.0 = DLL Universal Unicode Debug|Win32
		{D81CEC52-383F-4333-8E54-7F6AAF21F5DC}.DLL Universal Unicode Release.ActiveCfg = DLL Universal Unicode Release|Win32
		{D81CEC52-383F-4333-8E54-7F6AAF21F5DC}.DLL Universal Unicode Release.Build.0 = DLL Universal Unicode Release|Win32
		{D81CEC52-383F-4333-8E54-7F6AAF21F5DC}.Release.ActiveCfg = Release|Win32
		{D81CEC52-383F-4333-8E54-7F6AAF21F5DC}.Release.Build.0 = Release|Win32
		{D81CEC52-383F-4333-8E54-7F6AAF21F5DC}.Unicode Debug.ActiveCfg = Unicode Debug|Win32
		{D81CEC52-383F-4333-8E54-7F6AAF21F5DC}.Unicode Debug.Build.0 = Unicode Debug|Win32
		{D81CEC52-383F-4333-8E54-7F6AAF21F5DC}.Unicode Release.ActiveCfg = Unicode Release|Win32
		{D81CEC52-383F-4333-8E54-7F6AAF21F5DC}.Unicode Release.Build.0 = Unicode Release|Win32
		{D81CEC52-383F-4333-8E54-7F6AAF21F5DC}.Universal Debug.ActiveCfg = Universal Debug|Win32
		{D81CEC52-383F-4333-8E54-7F6AAF21F5DC}.Universal Debug.Build.0 = Universal Debug|Win32
		{D81CEC52-383F-4333-8E54-7F6AAF21F5DC}.Universal Release.ActiveCfg = Universal Release|Win32
		{D81CEC52-383F-4333-8E54-7F6AAF21F5DC}.Universal Release.Build.0 = Universal Release|Win32
		{D81CEC52-383F-4333-8E54-7F6AAF21F5DC}.Universal Unicode Debug.ActiveCfg = Universal Unicode Debug|Win32
		{D81CEC52-383F-4333-8E54-7F6AAF21F5DC}.Universal Unicode Debug.Build.0 = Universal Unicode Debug|Win32
		{D81CEC52-383F-4333-8E54-7F6AAF21F5DC}.Universal Unicode Release.ActiveCfg = Universal Unicode Release|Win32
		{D81CEC52-383F-4333-8E54-7F6AAF21F5DC}.Universal Unicode Release.Build.0 = Universal Unicode Release|Win32
	EndGlobalSection
	GlobalSection(ExtensibilityGlobals) = postSolution
	EndGlobalSection
	GlobalSection(ExtensibilityAddIns) = postSolution
	EndGlobalSection
EndGlobal
